
Microsoft Visual Studio Solution File, Format Version 11.00
# Visual Studio 2010
Project("{FAE04EC0-301F-11D3-BF4B-00C04F79EFBC}") = "Ani", "Assembly-CSharp.csproj", "{B50876EB-AF91-349C-432A-A3FB3EBCF6BE}"
EndProject
Project("{FAE04EC0-301F-11D3-BF4B-00C04F79EFBC}") = "Ani", "Assembly-CSharp-Editor.csproj", "{D7E05128-FEBE-22F1-AB9D-DCE1B3C330F9}"
EndProject
Global
	GlobalSection(SolutionConfigurationPlatforms) = preSolution
		Debug|Any CPU = Debug|Any CPU
		Release|Any CPU = Release|Any CPU
	EndGlobalSection
	GlobalSection(ProjectConfigurationPlatforms) = postSolution
		{B50876EB-AF91-349C-432A-A3FB3EBCF6BE}.Debug|Any CPU.ActiveCfg = Debug|Any CPU
		{B50876EB-AF91-349C-432A-A3FB3EBCF6BE}.Debug|Any CPU.Build.0 = Debug|Any CPU
		{B50876EB-AF91-349C-432A-A3FB3EBCF6BE}.Release|Any CPU.ActiveCfg = Release|Any CPU
		{B50876EB-AF91-349C-432A-A3FB3EBCF6BE}.Release|Any CPU.Build.0 = Release|Any CPU
		{D7E05128-FEBE-22F1-AB9D-DCE1B3C330F9}.Debug|Any CPU.ActiveCfg = Debug|Any CPU
		{D7E05128-FEBE-22F1-AB9D-DCE1B3C330F9}.Debug|Any CPU.Build.0 = Debug|Any CPU
		{D7E05128-FEBE-22F1-AB9D-DCE1B3C330F9}.Release|Any CPU.ActiveCfg = Release|Any CPU
		{D7E05128-FEBE-22F1-AB9D-DCE1B3C330F9}.Release|Any CPU.Build.0 = Release|Any CPU
	EndGlobalSection
	GlobalSection(SolutionProperties) = preSolution
		HideSolutionNode = FALSE
	EndGlobalSection
	GlobalSection(MonoDevelopProperties) = preSolution
		StartupItem = Assembly-CSharp.csproj
	EndGlobalSection
EndGlobal
